
Microsoft Visual Studio Solution File, Format Version 12.00
# Visual Studio Version 17
VisualStudioVersion = 17.9.34902.65
MinimumVisualStudioVersion = 10.0.40219.1
Project("{9A19103F-16F7-4668-BE54-9A1E7A4F7556}") = "RomsBrowse.Web", "RomsBrowse.Web\RomsBrowse.Web.csproj", "{C72682AC-1E4B-429F-8F37-70D46F7F2701}"
EndProject
Project("{9A19103F-16F7-4668-BE54-9A1E7A4F7556}") = "RomsBrowse.Data", "RomsBrowse.Data\RomsBrowse.Data.csproj", "{ABCA5A33-62D3-4ABF-9FAE-87459CC7F542}"
EndProject
Project("{FAE04EC0-301F-11D3-BF4B-00C04F79EFBC}") = "RomsBrowse.Common", "RomsBrowse.Common\RomsBrowse.Common.csproj", "{2BC97735-F97D-455D-9486-057B4003998E}"
EndProject
Project("{2150E333-8FDC-42A3-9474-1A3956D46DE8}") = "Global Items", "Global Items", "{02EA681E-C7D8-13C7-8484-4AC65E1B71E8}"
	ProjectSection(SolutionItems) = preProject
		Directory.Packages.props = Directory.Packages.props
		README.md = README.md
	EndProjectSection
EndProject
Global
	GlobalSection(SolutionConfigurationPlatforms) = preSolution
		Debug|Any CPU = Debug|Any CPU
		Release|Any CPU = Release|Any CPU
	EndGlobalSection
	GlobalSection(ProjectConfigurationPlatforms) = postSolution
		{C72682AC-1E4B-429F-8F37-70D46F7F2701}.Debug|Any CPU.ActiveCfg = Debug|Any CPU
		{C72682AC-1E4B-429F-8F37-70D46F7F2701}.Debug|Any CPU.Build.0 = Debug|Any CPU
		{C72682AC-1E4B-429F-8F37-70D46F7F2701}.Release|Any CPU.ActiveCfg = Release|Any CPU
		{C72682AC-1E4B-429F-8F37-70D46F7F2701}.Release|Any CPU.Build.0 = Release|Any CPU
		{ABCA5A33-62D3-4ABF-9FAE-87459CC7F542}.Debug|Any CPU.ActiveCfg = Debug|Any CPU
		{ABCA5A33-62D3-4ABF-9FAE-87459CC7F542}.Debug|Any CPU.Build.0 = Debug|Any CPU
		{ABCA5A33-62D3-4ABF-9FAE-87459CC7F542}.Release|Any CPU.ActiveCfg = Release|Any CPU
		{ABCA5A33-62D3-4ABF-9FAE-87459CC7F542}.Release|Any CPU.Build.0 = Release|Any CPU
		{2BC97735-F97D-455D-9486-057B4003998E}.Debug|Any CPU.ActiveCfg = Debug|Any CPU
		{2BC97735-F97D-455D-9486-057B4003998E}.Debug|Any CPU.Build.0 = Debug|Any CPU
		{2BC97735-F97D-455D-9486-057B4003998E}.Release|Any CPU.ActiveCfg = Release|Any CPU
		{2BC97735-F97D-455D-9486-057B4003998E}.Release|Any CPU.Build.0 = Release|Any CPU
	EndGlobalSection
	GlobalSection(SolutionProperties) = preSolution
		HideSolutionNode = FALSE
	EndGlobalSection
	GlobalSection(ExtensibilityGlobals) = postSolution
		SolutionGuid = {2CA4E431-B86B-4D10-8939-FD33D2FD762D}
	EndGlobalSection
EndGlobal
